
Microsoft Visual Studio Solution File, Format Version 12.00
# Visual Studio Version 16
VisualStudioVersion = 16.0.30104.148
MinimumVisualStudioVersion = 10.0.40219.1
Project("{FAE04EC0-301F-11D3-BF4B-00C04F79EFBC}") = "IOC", "IOC\IOC.csproj", "{0D9EBDE1-74D2-4516-8F74-0AED8F3098DA}"
EndProject
Global
	GlobalSection(SolutionConfigurationPlatforms) = preSolution
		Debug|Any CPU = Debug|Any CPU
		Release|Any CPU = Release|Any CPU
	EndGlobalSection
	GlobalSection(ProjectConfigurationPlatforms) = postSolution
		{0D9EBDE1-74D2-4516-8F74-0AED8F3098DA}.Debug|Any CPU.ActiveCfg = Debug|Any CPU
		{0D9EBDE1-74D2-4516-8F74-0AED8F3098DA}.Debug|Any CPU.Build.0 = Debug|Any CPU
		{0D9EBDE1-74D2-4516-8F74-0AED8F3098DA}.Release|Any CPU.ActiveCfg = Release|Any CPU
		{0D9EBDE1-74D2-4516-8F74-0AED8F3098DA}.Release|Any CPU.Build.0 = Release|Any CPU
	EndGlobalSection
	GlobalSection(SolutionProperties) = preSolution
		HideSolutionNode = FALSE
	EndGlobalSection
	GlobalSection(ExtensibilityGlobals) = postSolution
		SolutionGuid = {7C3FEA47-645A-4530-AED8-D683B0001966}
	EndGlobalSection
EndGlobal
